
Microsoft Visual Studio Solution File, Format Version 12.00
# Visual Studio Version 16
VisualStudioVersion = 16.0.30621.155
MinimumVisualStudioVersion = 10.0.40219.1
Project("{2150E333-8FDC-42A3-9474-1A3956D46DE8}") = "src", "src", "{0893F5C8-2E68-42E9-84D2-560C574B94E8}"
EndProject
Project("{2150E333-8FDC-42A3-9474-1A3956D46DE8}") = "db", "db", "{3B564F1E-D74F-45E2-AB18-6B48ECA5F260}"
EndProject
Project("{2150E333-8FDC-42A3-9474-1A3956D46DE8}") = "hommy-packages", "hommy-packages", "{298C02E0-D88A-4BAD-A3E2-F6C5286251C7}"
EndProject
Project("{FAE04EC0-301F-11D3-BF4B-00C04F79EFBC}") = "eMall.Web", "src\eMall.Web\eMall.Web.csproj", "{C675CC4F-C0FC-482E-B14C-CF7E93D82C58}"
EndProject
Project("{FAE04EC0-301F-11D3-BF4B-00C04F79EFBC}") = "eMall.Application", "src\eMall.Application\eMall.Application.csproj", "{7276C9DB-CF2F-4F09-9102-29BE20876368}"
EndProject
Project("{FAE04EC0-301F-11D3-BF4B-00C04F79EFBC}") = "eMall.Domain", "src\eMall.Domain\eMall.Domain.csproj", "{6B0739FB-2EFC-47A6-A930-0D4A803E410F}"
EndProject
Project("{FAE04EC0-301F-11D3-BF4B-00C04F79EFBC}") = "eMall.Infrastructure", "src\eMall.Infrastructure\eMall.Infrastructure.csproj", "{1657EFEB-1F5E-4C59-B543-AFB10F6D692C}"
EndProject
Project("{9A19103F-16F7-4668-BE54-9A1E7A4F7556}") = "Hommy.ApiResult", "hommy-packages\Hommy.ApiResult\Hommy.ApiResult.csproj", "{8E3CCCD3-629D-45B5-8AE6-253D91EE14D2}"
EndProject
Project("{9A19103F-16F7-4668-BE54-9A1E7A4F7556}") = "Hommy.ResultModel", "hommy-packages\Hommy.Result\Hommy.ResultModel.csproj", "{6ECC0A09-7319-44E2-B091-9CDAC2D86265}"
EndProject
Global
	GlobalSection(SolutionConfigurationPlatforms) = preSolution
		Debug|Any CPU = Debug|Any CPU
		Release|Any CPU = Release|Any CPU
	EndGlobalSection
	GlobalSection(ProjectConfigurationPlatforms) = postSolution
		{C675CC4F-C0FC-482E-B14C-CF7E93D82C58}.Debug|Any CPU.ActiveCfg = Debug|Any CPU
		{C675CC4F-C0FC-482E-B14C-CF7E93D82C58}.Debug|Any CPU.Build.0 = Debug|Any CPU
		{C675CC4F-C0FC-482E-B14C-CF7E93D82C58}.Release|Any CPU.ActiveCfg = Release|Any CPU
		{C675CC4F-C0FC-482E-B14C-CF7E93D82C58}.Release|Any CPU.Build.0 = Release|Any CPU
		{7276C9DB-CF2F-4F09-9102-29BE20876368}.Debug|Any CPU.ActiveCfg = Debug|Any CPU
		{7276C9DB-CF2F-4F09-9102-29BE20876368}.Debug|Any CPU.Build.0 = Debug|Any CPU
		{7276C9DB-CF2F-4F09-9102-29BE20876368}.Release|Any CPU.ActiveCfg = Release|Any CPU
		{7276C9DB-CF2F-4F09-9102-29BE20876368}.Release|Any CPU.Build.0 = Release|Any CPU
		{6B0739FB-2EFC-47A6-A930-0D4A803E410F}.Debug|Any CPU.ActiveCfg = Debug|Any CPU
		{6B0739FB-2EFC-47A6-A930-0D4A803E410F}.Debug|Any CPU.Build.0 = Debug|Any CPU
		{6B0739FB-2EFC-47A6-A930-0D4A803E410F}.Release|Any CPU.ActiveCfg = Release|Any CPU
		{6B0739FB-2EFC-47A6-A930-0D4A803E410F}.Release|Any CPU.Build.0 = Release|Any CPU
		{1657EFEB-1F5E-4C59-B543-AFB10F6D692C}.Debug|Any CPU.ActiveCfg = Debug|Any CPU
		{1657EFEB-1F5E-4C59-B543-AFB10F6D692C}.Debug|Any CPU.Build.0 = Debug|Any CPU
		{1657EFEB-1F5E-4C59-B543-AFB10F6D692C}.Release|Any CPU.ActiveCfg = Release|Any CPU
		{1657EFEB-1F5E-4C59-B543-AFB10F6D692C}.Release|Any CPU.Build.0 = Release|Any CPU
		{8E3CCCD3-629D-45B5-8AE6-253D91EE14D2}.Debug|Any CPU.ActiveCfg = Debug|Any CPU
		{8E3CCCD3-629D-45B5-8AE6-253D91EE14D2}.Debug|Any CPU.Build.0 = Debug|Any CPU
		{8E3CCCD3-629D-45B5-8AE6-253D91EE14D2}.Release|Any CPU.ActiveCfg = Release|Any CPU
		{8E3CCCD3-629D-45B5-8AE6-253D91EE14D2}.Release|Any CPU.Build.0 = Release|Any CPU
		{6ECC0A09-7319-44E2-B091-9CDAC2D86265}.Debug|Any CPU.ActiveCfg = Debug|Any CPU
		{6ECC0A09-7319-44E2-B091-9CDAC2D86265}.Debug|Any CPU.Build.0 = Debug|Any CPU
		{6ECC0A09-7319-44E2-B091-9CDAC2D86265}.Release|Any CPU.ActiveCfg = Release|Any CPU
		{6ECC0A09-7319-44E2-B091-9CDAC2D86265}.Release|Any CPU.Build.0 = Release|Any CPU
	EndGlobalSection
	GlobalSection(SolutionProperties) = preSolution
		HideSolutionNode = FALSE
	EndGlobalSection
	GlobalSection(NestedProjects) = preSolution
		{C675CC4F-C0FC-482E-B14C-CF7E93D82C58} = {0893F5C8-2E68-42E9-84D2-560C574B94E8}
		{7276C9DB-CF2F-4F09-9102-29BE20876368} = {0893F5C8-2E68-42E9-84D2-560C574B94E8}
		{6B0739FB-2EFC-47A6-A930-0D4A803E410F} = {0893F5C8-2E68-42E9-84D2-560C574B94E8}
		{1657EFEB-1F5E-4C59-B543-AFB10F6D692C} = {0893F5C8-2E68-42E9-84D2-560C574B94E8}
		{8E3CCCD3-629D-45B5-8AE6-253D91EE14D2} = {298C02E0-D88A-4BAD-A3E2-F6C5286251C7}
		{6ECC0A09-7319-44E2-B091-9CDAC2D86265} = {298C02E0-D88A-4BAD-A3E2-F6C5286251C7}
	EndGlobalSection
	GlobalSection(ExtensibilityGlobals) = postSolution
		SolutionGuid = {D378F709-8A9F-4549-B723-88550E702853}
	EndGlobalSection
EndGlobal
